
Microsoft Visual Studio Solution File, Format Version 12.00
# Visual Studio Express 2012 for Windows Desktop
Project("{FAE04EC0-301F-11D3-BF4B-00C04F79EFBC}") = "calibration", "calibration\calibration.csproj", "{8C877A6B-4C4A-4334-B2C8-CD7BA09DDF44}"
EndProject
Project("{FAE04EC0-301F-11D3-BF4B-00C04F79EFBC}") = "Tom.Math", "Math\Tom.Math.csproj", "{527F73C3-8626-41EE-98F2-195A59431309}"
EndProject
Global
	GlobalSection(SolutionConfigurationPlatforms) = preSolution
		Debug|Any CPU = Debug|Any CPU
		Release|Any CPU = Release|Any CPU
	EndGlobalSection
	GlobalSection(ProjectConfigurationPlatforms) = postSolution
		{8C877A6B-4C4A-4334-B2C8-CD7BA09DDF44}.Debug|Any CPU.ActiveCfg = Debug|Any CPU
		{8C877A6B-4C4A-4334-B2C8-CD7BA09DDF44}.Debug|Any CPU.Build.0 = Debug|Any CPU
		{8C877A6B-4C4A-4334-B2C8-CD7BA09DDF44}.Release|Any CPU.ActiveCfg = Release|Any CPU
		{8C877A6B-4C4A-4334-B2C8-CD7BA09DDF44}.Release|Any CPU.Build.0 = Release|Any CPU
		{527F73C3-8626-41EE-98F2-195A59431309}.Debug|Any CPU.ActiveCfg = Debug|Any CPU
		{527F73C3-8626-41EE-98F2-195A59431309}.Debug|Any CPU.Build.0 = Debug|Any CPU
		{527F73C3-8626-41EE-98F2-195A59431309}.Release|Any CPU.ActiveCfg = Release|Any CPU
		{527F73C3-8626-41EE-98F2-195A59431309}.Release|Any CPU.Build.0 = Release|Any CPU
	EndGlobalSection
	GlobalSection(SolutionProperties) = preSolution
		HideSolutionNode = FALSE
	EndGlobalSection
EndGlobal
